// !$*UTF8*$!
{
	archiveVersion = 1;
	classes = {
	};
	objectVersion = 50;
	objects = {

/* Begin PBXBuildFile section */
		AED28969261B8E450023ACE5 /* Exemple_SpikeBLEApp.swift in Sources */ = {isa = PBXBuildFile; fileRef = AED28968261B8E450023ACE5 /* Exemple_SpikeBLEApp.swift */; };
		AED2896B261B8E450023ACE5 /* ContentView.swift in Sources */ = {isa = PBXBuildFile; fileRef = AED2896A261B8E450023ACE5 /* ContentView.swift */; };
		AED2896D261B8E460023ACE5 /* Assets.xcassets in Resources */ = {isa = PBXBuildFile; fileRef = AED2896C261B8E460023ACE5 /* Assets.xcassets */; };
		AED28970261B8E460023ACE5 /* Preview Assets.xcassets in Resources */ = {isa = PBXBuildFile; fileRef = AED2896F261B8E460023ACE5 /* Preview Assets.xcassets */; };
		AED2897B261B8E460023ACE5 /* Exemple_SpikeBLETests.swift in Sources */ = {isa = PBXBuildFile; fileRef = AED2897A261B8E460023ACE5 /* Exemple_SpikeBLETests.swift */; };
		AED28986261B8E460023ACE5 /* Exemple_SpikeBLEUITests.swift in Sources */ = {isa = PBXBuildFile; fileRef = AED28985261B8E460023ACE5 /* Exemple_SpikeBLEUITests.swift */; };
/* End PBXBuildFile section */

/* Begin PBXContainerItemProxy section */
		AED28977261B8E460023ACE5 /* PBXContainerItemProxy */ = {
			isa = PBXContainerItemProxy;
			containerPortal = AED2895D261B8E450023ACE5 /* Project object */;
			proxyType = 1;
			remoteGlobalIDString = AED28964261B8E450023ACE5;
			remoteInfo = "Exemple-SpikeBLE";
		};
		AED28982261B8E460023ACE5 /* PBXContainerItemProxy */ = {
			isa = PBXContainerItemProxy;
			containerPortal = AED2895D261B8E450023ACE5 /* Project object */;
			proxyType = 1;
			remoteGlobalIDString = AED28964261B8E450023ACE5;
			remoteInfo = "Exemple-SpikeBLE";
		};
/* End PBXContainerItemProxy section */

/* Begin PBXFileReference section */
		AED28965261B8E450023ACE5 /* Exemple-SpikeBLE.app */ = {isa = PBXFileReference; explicitFileType = wrapper.application; includeInIndex = 0; path = "Exemple-SpikeBLE.app"; sourceTree = BUILT_PRODUCTS_DIR; };
		AED28968261B8E450023ACE5 /* Exemple_SpikeBLEApp.swift */ = {isa = PBXFileReference; lastKnownFileType = sourcecode.swift; path = Exemple_SpikeBLEApp.swift; sourceTree = "<group>"; };
		AED2896A261B8E450023ACE5 /* ContentView.swift */ = {isa = PBXFileReference; lastKnownFileType = sourcecode.swift; path = ContentView.swift; sourceTree = "<group>"; };
		AED2896C261B8E460023ACE5 /* Assets.xcassets */ = {isa = PBXFileReference; lastKnownFileType = folder.assetcatalog; path = Assets.xcassets; sourceTree = "<group>"; };
		AED2896F261B8E460023ACE5 /* Preview Assets.xcassets */ = {isa = PBXFileReference; lastKnownFileType = folder.assetcatalog; path = "Preview Assets.xcassets"; sourceTree = "<group>"; };
		AED28971261B8E460023ACE5 /* Info.plist */ = {isa = PBXFileReference; lastKnownFileType = text.plist.xml; path = Info.plist; sourceTree = "<group>"; };
		AED28976261B8E460023ACE5 /* Exemple-SpikeBLETests.xctest */ = {isa = PBXFileReference; explicitFileType = wrapper.cfbundle; includeInIndex = 0; path = "Exemple-SpikeBLETests.xctest"; sourceTree = BUILT_PRODUCTS_DIR; };
		AED2897A261B8E460023ACE5 /* Exemple_SpikeBLETests.swift */ = {isa = PBXFileReference; lastKnownFileType = sourcecode.swift; path = Exemple_SpikeBLETests.swift; sourceTree = "<group>"; };
		AED2897C261B8E460023ACE5 /* Info.plist */ = {isa = PBXFileReference; lastKnownFileType = text.plist.xml; path = Info.plist; sourceTree = "<group>"; };
		AED28981261B8E460023ACE5 /* Exemple-SpikeBLEUITests.xctest */ = {isa = PBXFileReference; explicitFileType = wrapper.cfbundle; includeInIndex = 0; path = "Exemple-SpikeBLEUITests.xctest"; sourceTree = BUILT_PRODUCTS_DIR; };
		AED28985261B8E460023ACE5 /* Exemple_SpikeBLEUITests.swift */ = {isa = PBXFileReference; lastKnownFileType = sourcecode.swift; path = Exemple_SpikeBLEUITests.swift; sourceTree = "<group>"; };
		AED28987261B8E460023ACE5 /* Info.plist */ = {isa = PBXFileReference; lastKnownFileType = text.plist.xml; path = Info.plist; sourceTree = "<group>"; };
/* End PBXFileReference section */

/* Begin PBXFrameworksBuildPhase section */
		AED28962261B8E450023ACE5 /* Frameworks */ = {
			isa = PBXFrameworksBuildPhase;
			buildActionMask = 2147483647;
			files = (
			);
			runOnlyForDeploymentPostprocessing = 0;
		};
		AED28973261B8E460023ACE5 /* Frameworks */ = {
			isa = PBXFrameworksBuildPhase;
			buildActionMask = 2147483647;
			files = (
			);
			runOnlyForDeploymentPostprocessing = 0;
		};
		AED2897E261B8E460023ACE5 /* Frameworks */ = {
			isa = PBXFrameworksBuildPhase;
			buildActionMask = 2147483647;
			files = (
			);
			runOnlyForDeploymentPostprocessing = 0;
		};
/* End PBXFrameworksBuildPhase section */

/* Begin PBXGroup section */
		AED2895C261B8E450023ACE5 = {
			isa = PBXGroup;
			children = (
				AED28967261B8E450023ACE5 /* Exemple-SpikeBLE */,
				AED28979261B8E460023ACE5 /* Exemple-SpikeBLETests */,
				AED28984261B8E460023ACE5 /* Exemple-SpikeBLEUITests */,
				AED28966261B8E450023ACE5 /* Products */,
			);
			sourceTree = "<group>";
		};
		AED28966261B8E450023ACE5 /* Products */ = {
			isa = PBXGroup;
			children = (
				AED28965261B8E450023ACE5 /* Exemple-SpikeBLE.app */,
				AED28976261B8E460023ACE5 /* Exemple-SpikeBLETests.xctest */,
				AED28981261B8E460023ACE5 /* Exemple-SpikeBLEUITests.xctest */,
			);
			name = Products;
			sourceTree = "<group>";
		};
		AED28967261B8E450023ACE5 /* Exemple-SpikeBLE */ = {
			isa = PBXGroup;
			children = (
				AED28968261B8E450023ACE5 /* Exemple_SpikeBLEApp.swift */,
				AED2896A261B8E450023ACE5 /* ContentView.swift */,
				AED2896C261B8E460023ACE5 /* Assets.xcassets */,
				AED28971261B8E460023ACE5 /* Info.plist */,
				AED2896E261B8E460023ACE5 /* Preview Content */,
			);
			path = "Exemple-SpikeBLE";
			sourceTree = "<group>";
		};
		AED2896E261B8E460023ACE5 /* Preview Content */ = {
			isa = PBXGroup;
			children = (
				AED2896F261B8E460023ACE5 /* Preview Assets.xcassets */,
			);
			path = "Preview Content";
			sourceTree = "<group>";
		};
		AED28979261B8E460023ACE5 /* Exemple-SpikeBLETests */ = {
			isa = PBXGroup;
			children = (
				AED2897A261B8E460023ACE5 /* Exemple_SpikeBLETests.swift */,
				AED2897C261B8E460023ACE5 /* Info.plist */,
			);
			path = "Exemple-SpikeBLETests";
			sourceTree = "<group>";
		};
		AED28984261B8E460023ACE5 /* Exemple-SpikeBLEUITests */ = {
			isa = PBXGroup;
			children = (
				AED28985261B8E460023ACE5 /* Exemple_SpikeBLEUITests.swift */,
				AED28987261B8E460023ACE5 /* Info.plist */,
			);
			path = "Exemple-SpikeBLEUITests";
			sourceTree = "<group>";
		};
/* End PBXGroup section */

/* Begin PBXNativeTarget section */
		AED28964261B8E450023ACE5 /* Exemple-SpikeBLE */ = {
			isa = PBXNativeTarget;
			buildConfigurationList = AED2898A261B8E460023ACE5 /* Build configuration list for PBXNativeTarget "Exemple-SpikeBLE" */;
			buildPhases = (
				AED28961261B8E450023ACE5 /* Sources */,
				AED28962261B8E450023ACE5 /* Frameworks */,
				AED28963261B8E450023ACE5 /* Resources */,
			);
			buildRules = (
			);
			dependencies = (
			);
			name = "Exemple-SpikeBLE";
			productName = "Exemple-SpikeBLE";
			productReference = AED28965261B8E450023ACE5 /* Exemple-SpikeBLE.app */;
			productType = "com.apple.product-type.application";
		};
		AED28975261B8E460023ACE5 /* Exemple-SpikeBLETests */ = {
			isa = PBXNativeTarget;
			buildConfigurationList = AED2898D261B8E460023ACE5 /* Build configuration list for PBXNativeTarget "Exemple-SpikeBLETests" */;
			buildPhases = (
				AED28972261B8E460023ACE5 /* Sources */,
				AED28973261B8E460023ACE5 /* Frameworks */,
				AED28974261B8E460023ACE5 /* Resources */,
			);
			buildRules = (
			);
			dependencies = (
				AED28978261B8E460023ACE5 /* PBXTargetDependency */,
			);
			name = "Exemple-SpikeBLETests";
			productName = "Exemple-SpikeBLETests";
			productReference = AED28976261B8E460023ACE5 /* Exemple-SpikeBLETests.xctest */;
			productType = "com.apple.product-type.bundle.unit-test";
		};
		AED28980261B8E460023ACE5 /* Exemple-SpikeBLEUITests */ = {
			isa = PBXNativeTarget;
			buildConfigurationList = AED28990261B8E460023ACE5 /* Build configuration list for PBXNativeTarget "Exemple-SpikeBLEUITests" */;
			buildPhases = (
				AED2897D261B8E460023ACE5 /* Sources */,
				AED2897E261B8E460023ACE5 /* Frameworks */,
				AED2897F261B8E460023ACE5 /* Resources */,
			);
			buildRules = (
			);
			dependencies = (
				AED28983261B8E460023ACE5 /* PBXTargetDependency */,
			);
			name = "Exemple-SpikeBLEUITests";
			productName = "Exemple-SpikeBLEUITests";
			productReference = AED28981261B8E460023ACE5 /* Exemple-SpikeBLEUITests.xctest */;
			productType = "com.apple.product-type.bundle.ui-testing";
		};
/* End PBXNativeTarget section */

/* Begin PBXProject section */
		AED2895D261B8E450023ACE5 /* Project object */ = {
			isa = PBXProject;
			attributes = {
				LastSwiftUpdateCheck = 1240;
				LastUpgradeCheck = 1240;
				TargetAttributes = {
					AED28964261B8E450023ACE5 = {
						CreatedOnToolsVersion = 12.4;
					};
					AED28975261B8E460023ACE5 = {
						CreatedOnToolsVersion = 12.4;
						TestTargetID = AED28964261B8E450023ACE5;
					};
					AED28980261B8E460023ACE5 = {
						CreatedOnToolsVersion = 12.4;
						TestTargetID = AED28964261B8E450023ACE5;
					};
				};
			};
			buildConfigurationList = AED28960261B8E450023ACE5 /* Build configuration list for PBXProject "Exemple-SpikeBLE" */;
			compatibilityVersion = "Xcode 9.3";
			developmentRegion = en;
			hasScannedForEncodings = 0;
			knownRegions = (
				en,
				Base,
			);
			mainGroup = AED2895C261B8E450023ACE5;
			productRefGroup = AED28966261B8E450023ACE5 /* Products */;
			projectDirPath = "";
			projectRoot = "";
			targets = (
				AED28964261B8E450023ACE5 /* Exemple-SpikeBLE */,
				AED28975261B8E460023ACE5 /* Exemple-SpikeBLETests */,
				AED28980261B8E460023ACE5 /* Exemple-SpikeBLEUITests */,
			);
		};
/* End PBXProject section */

/* Begin PBXResourcesBuildPhase section */
		AED28963261B8E450023ACE5 /* Resources */ = {
			isa = PBXResourcesBuildPhase;
			buildActionMask = 2147483647;
			files = (
				AED28970261B8E460023ACE5 /* Preview Assets.xcassets in Resources */,
				AED2896D261B8E460023ACE5 /* Assets.xcassets in Resources */,
			);
			runOnlyForDeploymentPostprocessing = 0;
		};
		AED28974261B8E460023ACE5 /* Resources */ = {
			isa = PBXResourcesBuildPhase;
			buildActionMask = 2147483647;
			files = (
			);
			runOnlyForDeploymentPostprocessing = 0;
		};
		AED2897F261B8E460023ACE5 /* Resources */ = {
			isa = PBXResourcesBuildPhase;
			buildActionMask = 2147483647;
			files = (
			);
			runOnlyForDeploymentPostprocessing = 0;
		};
/* End PBXResourcesBuildPhase section */

/* Begin PBXSourcesBuildPhase section */
		AED28961261B8E450023ACE5 /* Sources */ = {
			isa = PBXSourcesBuildPhase;
			buildActionMask = 2147483647;
			files = (
				AED2896B261B8E450023ACE5 /* ContentView.swift in Sources */,
				AED28969261B8E450023ACE5 /* Exemple_SpikeBLEApp.swift in Sources */,
			);
			runOnlyForDeploymentPostprocessing = 0;
		};
		AED28972261B8E460023ACE5 /* Sources */ = {
			isa = PBXSourcesBuildPhase;
			buildActionMask = 2147483647;
			files = (
				AED2897B261B8E460023ACE5 /* Exemple_SpikeBLETests.swift in Sources */,
			);
			runOnlyForDeploymentPostprocessing = 0;
		};
		AED2897D261B8E460023ACE5 /* Sources */ = {
			isa = PBXSourcesBuildPhase;
			buildActionMask = 2147483647;
			files = (
				AED28986261B8E460023ACE5 /* Exemple_SpikeBLEUITests.swift in Sources */,
			);
			runOnlyForDeploymentPostprocessing = 0;
		};
/* End PBXSourcesBuildPhase section */

/* Begin PBXTargetDependency section */
		AED28978261B8E460023ACE5 /* PBXTargetDependency */ = {
			isa = PBXTargetDependency;
			target = AED28964261B8E450023ACE5 /* Exemple-SpikeBLE */;
			targetProxy = AED28977261B8E460023ACE5 /* PBXContainerItemProxy */;
		};
		AED28983261B8E460023ACE5 /* PBXTargetDependency */ = {
			isa = PBXTargetDependency;
			target = AED28964261B8E450023ACE5 /* Exemple-SpikeBLE */;
			targetProxy = AED28982261B8E460023ACE5 /* PBXContainerItemProxy */;
		};
/* End PBXTargetDependency section */

/* Begin XCBuildConfiguration section */
		AED28988261B8E460023ACE5 /* Debug */ = {
			isa = XCBuildConfiguration;
			buildSettings = {
				ALWAYS_SEARCH_USER_PATHS = NO;
				CLANG_ANALYZER_NONNULL = YES;
				CLANG_ANALYZER_NUMBER_OBJECT_CONVERSION = YES_AGGRESSIVE;
				CLANG_CXX_LANGUAGE_STANDARD = "gnu++14";
				CLANG_CXX_LIBRARY = "libc++";
				CLANG_ENABLE_MODULES = YES;
				CLANG_ENABLE_OBJC_ARC = YES;
				CLANG_ENABLE_OBJC_WEAK = YES;
				CLANG_WARN_BLOCK_CAPTURE_AUTORELEASING = YES;
				CLANG_WARN_BOOL_CONVERSION = YES;
				CLANG_WARN_COMMA = YES;
				CLANG_WARN_CONSTANT_CONVERSION = YES;
				CLANG_WARN_DEPRECATED_OBJC_IMPLEMENTATIONS = YES;
				CLANG_WARN_DIRECT_OBJC_ISA_USAGE = YES_ERROR;
				CLANG_WARN_DOCUMENTATION_COMMENTS = YES;
				CLANG_WARN_EMPTY_BODY = YES;
				CLANG_WARN_ENUM_CONVERSION = YES;
				CLANG_WARN_INFINITE_RECURSION = YES;
				CLANG_WARN_INT_CONVERSION = YES;
				CLANG_WARN_NON_LITERAL_NULL_CONVERSION = YES;
				CLANG_WARN_OBJC_IMPLICIT_RETAIN_SELF = YES;
				CLANG_WARN_OBJC_LITERAL_CONVERSION = YES;
				CLANG_WARN_OBJC_ROOT_CLASS = YES_ERROR;
				CLANG_WARN_QUOTED_INCLUDE_IN_FRAMEWORK_HEADER = YES;
				CLANG_WARN_RANGE_LOOP_ANALYSIS = YES;
				CLANG_WARN_STRICT_PROTOTYPES = YES;
				CLANG_WARN_SUSPICIOUS_MOVE = YES;
				CLANG_WARN_UNGUARDED_AVAILABILITY = YES_AGGRESSIVE;
				CLANG_WARN_UNREACHABLE_CODE = YES;
				CLANG_WARN__DUPLICATE_METHOD_MATCH = YES;
				COPY_PHASE_STRIP = NO;
				DEBUG_INFORMATION_FORMAT = dwarf;
				ENABLE_STRICT_OBJC_MSGSEND = YES;
				ENABLE_TESTABILITY = YES;
				GCC_C_LANGUAGE_STANDARD = gnu11;
				GCC_DYNAMIC_NO_PIC = NO;
				GCC_NO_COMMON_BLOCKS = YES;
				GCC_OPTIMIZATION_LEVEL = 0;
				GCC_PREPROCESSOR_DEFINITIONS = (
					"DEBUG=1",
					"$(inherited)",
				);
				GCC_WARN_64_TO_32_BIT_CONVERSION = YES;
				GCC_WARN_ABOUT_RETURN_TYPE = YES_ERROR;
				GCC_WARN_UNDECLARED_SELECTOR = YES;
				GCC_WARN_UNINITIALIZED_AUTOS = YES_AGGRESSIVE;
				GCC_WARN_UNUSED_FUNCTION = YES;
				GCC_WARN_UNUSED_VARIABLE = YES;
				IPHONEOS_DEPLOYMENT_TARGET = 14.4;
				MTL_ENABLE_DEBUG_INFO = INCLUDE_SOURCE;
				MTL_FAST_MATH = YES;
				ONLY_ACTIVE_ARCH = YES;
				SDKROOT = iphoneos;
				SWIFT_ACTIVE_COMPILATION_CONDITIONS = DEBUG;
				SWIFT_OPTIMIZATION_LEVEL = "-Onone";
			};
			name = Debug;
		};
		AED28989261B8E460023ACE5 /* Release */ = {
			isa = XCBuildConfiguration;
			buildSettings = {
				ALWAYS_SEARCH_USER_PATHS = NO;
				CLANG_ANALYZER_NONNULL = YES;
				CLANG_ANALYZER_NUMBER_OBJECT_CONVERSION = YES_AGGRESSIVE;
				CLANG_CXX_LANGUAGE_STANDARD = "gnu++14";
				CLANG_CXX_LIBRARY = "libc++";
				CLANG_ENABLE_MODULES = YES;
				CLANG_ENABLE_OBJC_ARC = YES;
				CLANG_ENABLE_OBJC_WEAK = YES;
				CLANG_WARN_BLOCK_CAPTURE_AUTORELEASING = YES;
				CLANG_WARN_BOOL_CONVERSION = YES;
				CLANG_WARN_COMMA = YES;
				CLANG_WARN_CONSTANT_CONVERSION = YES;
				CLANG_WARN_DEPRECATED_OBJC_IMPLEMENTATIONS = YES;
				CLANG_WARN_DIRECT_OBJC_ISA_USAGE = YES_ERROR;
				CLANG_WARN_DOCUMENTATION_COMMENTS = YES;
				CLANG_WARN_EMPTY_BODY = YES;
				CLANG_WARN_ENUM_CONVERSION = YES;
				CLANG_WARN_INFINITE_RECURSION = YES;
				CLANG_WARN_INT_CONVERSION = YES;
				CLANG_WARN_NON_LITERAL_NULL_CONVERSION = YES;
				CLANG_WARN_OBJC_IMPLICIT_RETAIN_SELF = YES;
				CLANG_WARN_OBJC_LITERAL_CONVERSION = YES;
				CLANG_WARN_OBJC_ROOT_CLASS = YES_ERROR;
				CLANG_WARN_QUOTED_INCLUDE_IN_FRAMEWORK_HEADER = YES;
				CLANG_WARN_RANGE_LOOP_ANALYSIS = YES;
				CLANG_WARN_STRICT_PROTOTYPES = YES;
				CLANG_WARN_SUSPICIOUS_MOVE = YES;
				CLANG_WARN_UNGUARDED_AVAILABILITY = YES_AGGRESSIVE;
				CLANG_WARN_UNREACHABLE_CODE = YES;
				CLANG_WARN__DUPLICATE_METHOD_MATCH = YES;
				COPY_PHASE_STRIP = NO;
				DEBUG_INFORMATION_FORMAT = "dwarf-with-dsym";
				ENABLE_NS_ASSERTIONS = NO;
				ENABLE_STRICT_OBJC_MSGSEND = YES;
				GCC_C_LANGUAGE_STANDARD = gnu11;
				GCC_NO_COMMON_BLOCKS = YES;
				GCC_WARN_64_TO_32_BIT_CONVERSION = YES;
				GCC_WARN_ABOUT_RETURN_TYPE = YES_ERROR;
				GCC_WARN_UNDECLARED_SELECTOR = YES;
				GCC_WARN_UNINITIALIZED_AUTOS = YES_AGGRESSIVE;
				GCC_WARN_UNUSED_FUNCTION = YES;
				GCC_WARN_UNUSED_VARIABLE = YES;
				IPHONEOS_DEPLOYMENT_TARGET = 14.4;
				MTL_ENABLE_DEBUG_INFO = NO;
				MTL_FAST_MATH = YES;
				SDKROOT = iphoneos;
				SWIFT_COMPILATION_MODE = wholemodule;
				SWIFT_OPTIMIZATION_LEVEL = "-O";
				VALIDATE_PRODUCT = YES;
			};
			name = Release;
		};
		AED2898B261B8E460023ACE5 /* Debug */ = {
			isa = XCBuildConfiguration;
			buildSettings = {
				ASSETCATALOG_COMPILER_APPICON_NAME = AppIcon;
				ASSETCATALOG_COMPILER_GLOBAL_ACCENT_COLOR_NAME = AccentColor;
				CODE_SIGN_STYLE = Automatic;
				DEVELOPMENT_ASSET_PATHS = "\"Exemple-SpikeBLE/Preview Content\"";
				DEVELOPMENT_TEAM = 4S5SC5BABS;
				ENABLE_PREVIEWS = YES;
				INFOPLIST_FILE = "Exemple-SpikeBLE/Info.plist";
				IPHONEOS_DEPLOYMENT_TARGET = 14.0;
				LD_RUNPATH_SEARCH_PATHS = (
					"$(inherited)",
					"@executable_path/Frameworks",
				);
				PRODUCT_BUNDLE_IDENTIFIER = "com.santos.matheus.Exemple-SpikeBLE";
				PRODUCT_NAME = "$(TARGET_NAME)";
				SWIFT_VERSION = 5.0;
				TARGETED_DEVICE_FAMILY = "1,2";
			};
			name = Debug;
		};
		AED2898C261B8E460023ACE5 /* Release */ = {
			isa = XCBuildConfiguration;
			buildSettings = {
				ASSETCATALOG_COMPILER_APPICON_NAME = AppIcon;
				ASSETCATALOG_COMPILER_GLOBAL_ACCENT_COLOR_NAME = AccentColor;
				CODE_SIGN_STYLE = Automatic;
				DEVELOPMENT_ASSET_PATHS = "\"Exemple-SpikeBLE/Preview Content\"";
				DEVELOPMENT_TEAM = 4S5SC5BABS;
				ENABLE_PREVIEWS = YES;
				INFOPLIST_FILE = "Exemple-SpikeBLE/Info.plist";
				IPHONEOS_DEPLOYMENT_TARGET = 14.0;
				LD_RUNPATH_SEARCH_PATHS = (
					"$(inherited)",
					"@executable_path/Frameworks",
				);
				PRODUCT_BUNDLE_IDENTIFIER = "com.santos.matheus.Exemple-SpikeBLE";
				PRODUCT_NAME = "$(TARGET_NAME)";
				SWIFT_VERSION = 5.0;
				TARGETED_DEVICE_FAMILY = "1,2";
			};
			name = Release;
		};
		AED2898E261B8E460023ACE5 /* Debug */ = {
			isa = XCBuildConfiguration;
			buildSettings = {
				ALWAYS_EMBED_SWIFT_STANDARD_LIBRARIES = YES;
				BUNDLE_LOADER = "$(TEST_HOST)";
				CODE_SIGN_STYLE = Automatic;
				DEVELOPMENT_TEAM = 4S5SC5BABS;
				INFOPLIST_FILE = "Exemple-SpikeBLETests/Info.plist";
				IPHONEOS_DEPLOYMENT_TARGET = 14.0;
				LD_RUNPATH_SEARCH_PATHS = (
					"$(inherited)",
					"@executable_path/Frameworks",
					"@loader_path/Frameworks",
				);
				PRODUCT_BUNDLE_IDENTIFIER = "com.santos.matheus.Exemple-SpikeBLETests";
				PRODUCT_NAME = "$(TARGET_NAME)";
				SWIFT_VERSION = 5.0;
				TARGETED_DEVICE_FAMILY = "1,2";
				TEST_HOST = "$(BUILT_PRODUCTS_DIR)/Exemple-SpikeBLE.app/Exemple-SpikeBLE";
			};
			name = Debug;
		};
		AED2898F261B8E460023ACE5 /* Release */ = {
			isa = XCBuildConfiguration;
			buildSettings = {
				ALWAYS_EMBED_SWIFT_STANDARD_LIBRARIES = YES;
				BUNDLE_LOADER = "$(TEST_HOST)";
				CODE_SIGN_STYLE = Automatic;
				DEVELOPMENT_TEAM = 4S5SC5BABS;
				INFOPLIST_FILE = "Exemple-SpikeBLETests/Info.plist";
				IPHONEOS_DEPLOYMENT_TARGET = 14.0;
				LD_RUNPATH_SEARCH_PATHS = (
					"$(inherited)",
					"@executable_path/Frameworks",
					"@loader_path/Frameworks",
				);
				PRODUCT_BUNDLE_IDENTIFIER = "com.santos.matheus.Exemple-SpikeBLETests";
				PRODUCT_NAME = "$(TARGET_NAME)";
				SWIFT_VERSION = 5.0;
				TARGETED_DEVICE_FAMILY = "1,2";
				TEST_HOST = "$(BUILT_PRODUCTS_DIR)/Exemple-SpikeBLE.app/Exemple-SpikeBLE";
			};
			name = Release;
		};
		AED28991261B8E460023ACE5 /* Debug */ = {
			isa = XCBuildConfiguration;
			buildSettings = {
				ALWAYS_EMBED_SWIFT_STANDARD_LIBRARIES = YES;
				CODE_SIGN_STYLE = Automatic;
				DEVELOPMENT_TEAM = 4S5SC5BABS;
				INFOPLIST_FILE = "Exemple-SpikeBLEUITests/Info.plist";
				LD_RUNPATH_SEARCH_PATHS = (
					"$(inherited)",
					"@executable_path/Frameworks",
					"@loader_path/Frameworks",
				);
				PRODUCT_BUNDLE_IDENTIFIER = "com.santos.matheus.Exemple-SpikeBLEUITests";
				PRODUCT_NAME = "$(TARGET_NAME)";
				SWIFT_VERSION = 5.0;
				TARGETED_DEVICE_FAMILY = "1,2";
				TEST_TARGET_NAME = "Exemple-SpikeBLE";
			};
			name = Debug;
		};
		AED28992261B8E460023ACE5 /* Release */ = {
			isa = XCBuildConfiguration;
			buildSettings = {
				ALWAYS_EMBED_SWIFT_STANDARD_LIBRARIES = YES;
				CODE_SIGN_STYLE = Automatic;
				DEVELOPMENT_TEAM = 4S5SC5BABS;
				INFOPLIST_FILE = "Exemple-SpikeBLEUITests/Info.plist";
				LD_RUNPATH_SEARCH_PATHS = (
					"$(inherited)",
					"@executable_path/Frameworks",
					"@loader_path/Frameworks",
				);
				PRODUCT_BUNDLE_IDENTIFIER = "com.santos.matheus.Exemple-SpikeBLEUITests";
				PRODUCT_NAME = "$(TARGET_NAME)";
				SWIFT_VERSION = 5.0;
				TARGETED_DEVICE_FAMILY = "1,2";
				TEST_TARGET_NAME = "Exemple-SpikeBLE";
			};
			name = Release;
		};
/* End XCBuildConfiguration section */

/* Begin XCConfigurationList section */
		AED28960261B8E450023ACE5 /* Build configuration list for PBXProject "Exemple-SpikeBLE" */ = {
			isa = XCConfigurationList;
			buildConfigurations = (
				AED28988261B8E460023ACE5 /* Debug */,
				AED28989261B8E460023ACE5 /* Release */,
			);
			defaultConfigurationIsVisible = 0;
			defaultConfigurationName = Release;
		};
		AED2898A261B8E460023ACE5 /* Build configuration list for PBXNativeTarget "Exemple-SpikeBLE" */ = {
			isa = XCConfigurationList;
			buildConfigurations = (
				AED2898B261B8E460023ACE5 /* Debug */,
				AED2898C261B8E460023ACE5 /* Release */,
			);
			defaultConfigurationIsVisible = 0;
			defaultConfigurationName = Release;
		};
		AED2898D261B8E460023ACE5 /* Build configuration list for PBXNativeTarget "Exemple-SpikeBLETests" */ = {
			isa = XCConfigurationList;
			buildConfigurations = (
				AED2898E261B8E460023ACE5 /* Debug */,
				AED2898F261B8E460023ACE5 /* Release */,
			);
			defaultConfigurationIsVisible = 0;
			defaultConfigurationName = Release;
		};
		AED28990261B8E460023ACE5 /* Build configuration list for PBXNativeTarget "Exemple-SpikeBLEUITests" */ = {
			isa = XCConfigurationList;
			buildConfigurations = (
				AED28991261B8E460023ACE5 /* Debug */,
				AED28992261B8E460023ACE5 /* Release */,
			);
			defaultConfigurationIsVisible = 0;
			defaultConfigurationName = Release;
		};
/* End XCConfigurationList section */
	};
	rootObject = AED2895D261B8E450023ACE5 /* Project object */;
}
